
Microsoft Visual Studio Solution File, Format Version 12.00
# Visual Studio Version 17
VisualStudioVersion = 17.9.34902.65
MinimumVisualStudioVersion = 10.0.40219.1
Project("{9A19103F-16F7-4668-BE54-9A1E7A4F7556}") = "SocketConnClient", "SocketConnClient\SocketConnClient.csproj", "{2A8A1276-8A84-454A-8CE2-3BC5E7F1A0C1}"
EndProject
Project("{9A19103F-16F7-4668-BE54-9A1E7A4F7556}") = "SocketCL", "SocketCL\SocketCL.csproj", "{261AD0A6-E2AD-4604-BE14-F60D061181DF}"
EndProject
Project("{9A19103F-16F7-4668-BE54-9A1E7A4F7556}") = "SocketClient", "SocketClient\SocketClient.csproj", "{120D6CF2-9374-4167-A08A-31910D703853}"
EndProject
Global
	GlobalSection(SolutionConfigurationPlatforms) = preSolution
		Debug|Any CPU = Debug|Any CPU
		Release|Any CPU = Release|Any CPU
	EndGlobalSection
	GlobalSection(ProjectConfigurationPlatforms) = postSolution
		{2A8A1276-8A84-454A-8CE2-3BC5E7F1A0C1}.Debug|Any CPU.ActiveCfg = Debug|Any CPU
		{2A8A1276-8A84-454A-8CE2-3BC5E7F1A0C1}.Debug|Any CPU.Build.0 = Debug|Any CPU
		{2A8A1276-8A84-454A-8CE2-3BC5E7F1A0C1}.Release|Any CPU.ActiveCfg = Release|Any CPU
		{2A8A1276-8A84-454A-8CE2-3BC5E7F1A0C1}.Release|Any CPU.Build.0 = Release|Any CPU
		{261AD0A6-E2AD-4604-BE14-F60D061181DF}.Debug|Any CPU.ActiveCfg = Debug|Any CPU
		{261AD0A6-E2AD-4604-BE14-F60D061181DF}.Debug|Any CPU.Build.0 = Debug|Any CPU
		{261AD0A6-E2AD-4604-BE14-F60D061181DF}.Release|Any CPU.ActiveCfg = Release|Any CPU
		{261AD0A6-E2AD-4604-BE14-F60D061181DF}.Release|Any CPU.Build.0 = Release|Any CPU
		{120D6CF2-9374-4167-A08A-31910D703853}.Debug|Any CPU.ActiveCfg = Debug|Any CPU
		{120D6CF2-9374-4167-A08A-31910D703853}.Debug|Any CPU.Build.0 = Debug|Any CPU
		{120D6CF2-9374-4167-A08A-31910D703853}.Release|Any CPU.ActiveCfg = Release|Any CPU
		{120D6CF2-9374-4167-A08A-31910D703853}.Release|Any CPU.Build.0 = Release|Any CPU
	EndGlobalSection
	GlobalSection(SolutionProperties) = preSolution
		HideSolutionNode = FALSE
	EndGlobalSection
	GlobalSection(ExtensibilityGlobals) = postSolution
		SolutionGuid = {5B70E622-AFBD-43F9-9D09-82ECDFEE07A9}
	EndGlobalSection
EndGlobal
